// !$*UTF8*$!
{
	archiveVersion = 1;
	classes = {
	};
	objectVersion = 50;
	objects = {

/* Begin PBXBuildFile section */
		0EAB9DF823EC731500B9010C /* AppDelegate.swift in Sources */ = {isa = PBXBuildFile; fileRef = 0EAB9DF723EC731500B9010C /* AppDelegate.swift */; };
		0EAB9DFA23EC731500B9010C /* SceneDelegate.swift in Sources */ = {isa = PBXBuildFile; fileRef = 0EAB9DF923EC731500B9010C /* SceneDelegate.swift */; };
		0EAB9DFC23EC731500B9010C /* ViewController.swift in Sources */ = {isa = PBXBuildFile; fileRef = 0EAB9DFB23EC731500B9010C /* ViewController.swift */; };
		0EAB9DFF23EC731500B9010C /* Main.storyboard in Resources */ = {isa = PBXBuildFile; fileRef = 0EAB9DFD23EC731500B9010C /* Main.storyboard */; };
		0EAB9E0123EC731A00B9010C /* Assets.xcassets in Resources */ = {isa = PBXBuildFile; fileRef = 0EAB9E0023EC731A00B9010C /* Assets.xcassets */; };
		0EAB9E0423EC731A00B9010C /* LaunchScreen.storyboard in Resources */ = {isa = PBXBuildFile; fileRef = 0EAB9E0223EC731A00B9010C /* LaunchScreen.storyboard */; };
		0EAB9E0F23EC731B00B9010C /* Obis_Mad_LibTests.swift in Sources */ = {isa = PBXBuildFile; fileRef = 0EAB9E0E23EC731B00B9010C /* Obis_Mad_LibTests.swift */; };
		0EAB9E1A23EC731B00B9010C /* Obis_Mad_LibUITests.swift in Sources */ = {isa = PBXBuildFile; fileRef = 0EAB9E1923EC731B00B9010C /* Obis_Mad_LibUITests.swift */; };
/* End PBXBuildFile section */

/* Begin PBXContainerItemProxy section */
		0EAB9E0B23EC731B00B9010C /* PBXContainerItemProxy */ = {
			isa = PBXContainerItemProxy;
			containerPortal = 0EAB9DEC23EC731500B9010C /* Project object */;
			proxyType = 1;
			remoteGlobalIDString = 0EAB9DF323EC731500B9010C;
			remoteInfo = "Obis Mad Lib";
		};
		0EAB9E1623EC731B00B9010C /* PBXContainerItemProxy */ = {
			isa = PBXContainerItemProxy;
			containerPortal = 0EAB9DEC23EC731500B9010C /* Project object */;
			proxyType = 1;
			remoteGlobalIDString = 0EAB9DF323EC731500B9010C;
			remoteInfo = "Obis Mad Lib";
		};
/* End PBXContainerItemProxy section */

/* Begin PBXFileReference section */
		0EAB9DF423EC731500B9010C /* Obis Mad Lib.app */ = {isa = PBXFileReference; explicitFileType = wrapper.application; includeInIndex = 0; path = "Obis Mad Lib.app"; sourceTree = BUILT_PRODUCTS_DIR; };
		0EAB9DF723EC731500B9010C /* AppDelegate.swift */ = {isa = PBXFileReference; lastKnownFileType = sourcecode.swift; path = AppDelegate.swift; sourceTree = "<group>"; };
		0EAB9DF923EC731500B9010C /* SceneDelegate.swift */ = {isa = PBXFileReference; lastKnownFileType = sourcecode.swift; path = SceneDelegate.swift; sourceTree = "<group>"; };
		0EAB9DFB23EC731500B9010C /* ViewController.swift */ = {isa = PBXFileReference; lastKnownFileType = sourcecode.swift; path = ViewController.swift; sourceTree = "<group>"; };
		0EAB9DFE23EC731500B9010C /* Base */ = {isa = PBXFileReference; lastKnownFileType = file.storyboard; name = Base; path = Base.lproj/Main.storyboard; sourceTree = "<group>"; };
		0EAB9E0023EC731A00B9010C /* Assets.xcassets */ = {isa = PBXFileReference; lastKnownFileType = folder.assetcatalog; path = Assets.xcassets; sourceTree = "<group>"; };
		0EAB9E0323EC731A00B9010C /* Base */ = {isa = PBXFileReference; lastKnownFileType = file.storyboard; name = Base; path = Base.lproj/LaunchScreen.storyboard; sourceTree = "<group>"; };
		0EAB9E0523EC731A00B9010C /* Info.plist */ = {isa = PBXFileReference; lastKnownFileType = text.plist.xml; path = Info.plist; sourceTree = "<group>"; };
		0EAB9E0A23EC731B00B9010C /* Obis Mad LibTests.xctest */ = {isa = PBXFileReference; explicitFileType = wrapper.cfbundle; includeInIndex = 0; path = "Obis Mad LibTests.xctest"; sourceTree = BUILT_PRODUCTS_DIR; };
		0EAB9E0E23EC731B00B9010C /* Obis_Mad_LibTests.swift */ = {isa = PBXFileReference; lastKnownFileType = sourcecode.swift; path = Obis_Mad_LibTests.swift; sourceTree = "<group>"; };
		0EAB9E1023EC731B00B9010C /* Info.plist */ = {isa = PBXFileReference; lastKnownFileType = text.plist.xml; path = Info.plist; sourceTree = "<group>"; };
		0EAB9E1523EC731B00B9010C /* Obis Mad LibUITests.xctest */ = {isa = PBXFileReference; explicitFileType = wrapper.cfbundle; includeInIndex = 0; path = "Obis Mad LibUITests.xctest"; sourceTree = BUILT_PRODUCTS_DIR; };
		0EAB9E1923EC731B00B9010C /* Obis_Mad_LibUITests.swift */ = {isa = PBXFileReference; lastKnownFileType = sourcecode.swift; path = Obis_Mad_LibUITests.swift; sourceTree = "<group>"; };
		0EAB9E1B23EC731B00B9010C /* Info.plist */ = {isa = PBXFileReference; lastKnownFileType = text.plist.xml; path = Info.plist; sourceTree = "<group>"; };
/* End PBXFileReference section */

/* Begin PBXFrameworksBuildPhase section */
		0EAB9DF123EC731500B9010C /* Frameworks */ = {
			isa = PBXFrameworksBuildPhase;
			buildActionMask = 2147483647;
			files = (
			);
			runOnlyForDeploymentPostprocessing = 0;
		};
		0EAB9E0723EC731B00B9010C /* Frameworks */ = {
			isa = PBXFrameworksBuildPhase;
			buildActionMask = 2147483647;
			files = (
			);
			runOnlyForDeploymentPostprocessing = 0;
		};
		0EAB9E1223EC731B00B9010C /* Frameworks */ = {
			isa = PBXFrameworksBuildPhase;
			buildActionMask = 2147483647;
			files = (
			);
			runOnlyForDeploymentPostprocessing = 0;
		};
/* End PBXFrameworksBuildPhase section */

/* Begin PBXGroup section */
		0EAB9DEB23EC731500B9010C = {
			isa = PBXGroup;
			children = (
				0EAB9DF623EC731500B9010C /* Obis Mad Lib */,
				0EAB9E0D23EC731B00B9010C /* Obis Mad LibTests */,
				0EAB9E1823EC731B00B9010C /* Obis Mad LibUITests */,
				0EAB9DF523EC731500B9010C /* Products */,
			);
			sourceTree = "<group>";
		};
		0EAB9DF523EC731500B9010C /* Products */ = {
			isa = PBXGroup;
			children = (
				0EAB9DF423EC731500B9010C /* Obis Mad Lib.app */,
				0EAB9E0A23EC731B00B9010C /* Obis Mad LibTests.xctest */,
				0EAB9E1523EC731B00B9010C /* Obis Mad LibUITests.xctest */,
			);
			name = Products;
			sourceTree = "<group>";
		};
		0EAB9DF623EC731500B9010C /* Obis Mad Lib */ = {
			isa = PBXGroup;
			children = (
				0EAB9DF723EC731500B9010C /* AppDelegate.swift */,
				0EAB9DF923EC731500B9010C /* SceneDelegate.swift */,
				0EAB9DFB23EC731500B9010C /* ViewController.swift */,
				0EAB9DFD23EC731500B9010C /* Main.storyboard */,
				0EAB9E0023EC731A00B9010C /* Assets.xcassets */,
				0EAB9E0223EC731A00B9010C /* LaunchScreen.storyboard */,
				0EAB9E0523EC731A00B9010C /* Info.plist */,
			);
			path = "Obis Mad Lib";
			sourceTree = "<group>";
		};
		0EAB9E0D23EC731B00B9010C /* Obis Mad LibTests */ = {
			isa = PBXGroup;
			children = (
				0EAB9E0E23EC731B00B9010C /* Obis_Mad_LibTests.swift */,
				0EAB9E1023EC731B00B9010C /* Info.plist */,
			);
			path = "Obis Mad LibTests";
			sourceTree = "<group>";
		};
		0EAB9E1823EC731B00B9010C /* Obis Mad LibUITests */ = {
			isa = PBXGroup;
			children = (
				0EAB9E1923EC731B00B9010C /* Obis_Mad_LibUITests.swift */,
				0EAB9E1B23EC731B00B9010C /* Info.plist */,
			);
			path = "Obis Mad LibUITests";
			sourceTree = "<group>";
		};
/* End PBXGroup section */

/* Begin PBXNativeTarget section */
		0EAB9DF323EC731500B9010C /* Obis Mad Lib */ = {
			isa = PBXNativeTarget;
			buildConfigurationList = 0EAB9E1E23EC731B00B9010C /* Build configuration list for PBXNativeTarget "Obis Mad Lib" */;
			buildPhases = (
				0EAB9DF023EC731500B9010C /* Sources */,
				0EAB9DF123EC731500B9010C /* Frameworks */,
				0EAB9DF223EC731500B9010C /* Resources */,
			);
			buildRules = (
			);
			dependencies = (
			);
			name = "Obis Mad Lib";
			productName = "Obis Mad Lib";
			productReference = 0EAB9DF423EC731500B9010C /* Obis Mad Lib.app */;
			productType = "com.apple.product-type.application";
		};
		0EAB9E0923EC731B00B9010C /* Obis Mad LibTests */ = {
			isa = PBXNativeTarget;
			buildConfigurationList = 0EAB9E2123EC731B00B9010C /* Build configuration list for PBXNativeTarget "Obis Mad LibTests" */;
			buildPhases = (
				0EAB9E0623EC731B00B9010C /* Sources */,
				0EAB9E0723EC731B00B9010C /* Frameworks */,
				0EAB9E0823EC731B00B9010C /* Resources */,
			);
			buildRules = (
			);
			dependencies = (
				0EAB9E0C23EC731B00B9010C /* PBXTargetDependency */,
			);
			name = "Obis Mad LibTests";
			productName = "Obis Mad LibTests";
			productReference = 0EAB9E0A23EC731B00B9010C /* Obis Mad LibTests.xctest */;
			productType = "com.apple.product-type.bundle.unit-test";
		};
		0EAB9E1423EC731B00B9010C /* Obis Mad LibUITests */ = {
			isa = PBXNativeTarget;
			buildConfigurationList = 0EAB9E2423EC731B00B9010C /* Build configuration list for PBXNativeTarget "Obis Mad LibUITests" */;
			buildPhases = (
				0EAB9E1123EC731B00B9010C /* Sources */,
				0EAB9E1223EC731B00B9010C /* Frameworks */,
				0EAB9E1323EC731B00B9010C /* Resources */,
			);
			buildRules = (
			);
			dependencies = (
				0EAB9E1723EC731B00B9010C /* PBXTargetDependency */,
			);
			name = "Obis Mad LibUITests";
			productName = "Obis Mad LibUITests";
			productReference = 0EAB9E1523EC731B00B9010C /* Obis Mad LibUITests.xctest */;
			productType = "com.apple.product-type.bundle.ui-testing";
		};
/* End PBXNativeTarget section */

/* Begin PBXProject section */
		0EAB9DEC23EC731500B9010C /* Project object */ = {
			isa = PBXProject;
			attributes = {
				LastSwiftUpdateCheck = 1130;
				LastUpgradeCheck = 1130;
				ORGANIZATIONNAME = "Obinna Ezekwesili";
				TargetAttributes = {
					0EAB9DF323EC731500B9010C = {
						CreatedOnToolsVersion = 11.3.1;
					};
					0EAB9E0923EC731B00B9010C = {
						CreatedOnToolsVersion = 11.3.1;
						TestTargetID = 0EAB9DF323EC731500B9010C;
					};
					0EAB9E1423EC731B00B9010C = {
						CreatedOnToolsVersion = 11.3.1;
						TestTargetID = 0EAB9DF323EC731500B9010C;
					};
				};
			};
			buildConfigurationList = 0EAB9DEF23EC731500B9010C /* Build configuration list for PBXProject "Obis Mad Lib" */;
			compatibilityVersion = "Xcode 9.3";
			developmentRegion = en;
			hasScannedForEncodings = 0;
			knownRegions = (
				en,
				Base,
			);
			mainGroup = 0EAB9DEB23EC731500B9010C;
			productRefGroup = 0EAB9DF523EC731500B9010C /* Products */;
			projectDirPath = "";
			projectRoot = "";
			targets = (
				0EAB9DF323EC731500B9010C /* Obis Mad Lib */,
				0EAB9E0923EC731B00B9010C /* Obis Mad LibTests */,
				0EAB9E1423EC731B00B9010C /* Obis Mad LibUITests */,
			);
		};
/* End PBXProject section */

/* Begin PBXResourcesBuildPhase section */
		0EAB9DF223EC731500B9010C /* Resources */ = {
			isa = PBXResourcesBuildPhase;
			buildActionMask = 2147483647;
			files = (
				0EAB9E0423EC731A00B9010C /* LaunchScreen.storyboard in Resources */,
				0EAB9E0123EC731A00B9010C /* Assets.xcassets in Resources */,
				0EAB9DFF23EC731500B9010C /* Main.storyboard in Resources */,
			);
			runOnlyForDeploymentPostprocessing = 0;
		};
		0EAB9E0823EC731B00B9010C /* Resources */ = {
			isa = PBXResourcesBuildPhase;
			buildActionMask = 2147483647;
			files = (
			);
			runOnlyForDeploymentPostprocessing = 0;
		};
		0EAB9E1323EC731B00B9010C /* Resources */ = {
			isa = PBXResourcesBuildPhase;
			buildActionMask = 2147483647;
			files = (
			);
			runOnlyForDeploymentPostprocessing = 0;
		};
/* End PBXResourcesBuildPhase section */

/* Begin PBXSourcesBuildPhase section */
		0EAB9DF023EC731500B9010C /* Sources */ = {
			isa = PBXSourcesBuildPhase;
			buildActionMask = 2147483647;
			files = (
				0EAB9DFC23EC731500B9010C /* ViewController.swift in Sources */,
				0EAB9DF823EC731500B9010C /* AppDelegate.swift in Sources */,
				0EAB9DFA23EC731500B9010C /* SceneDelegate.swift in Sources */,
			);
			runOnlyForDeploymentPostprocessing = 0;
		};
		0EAB9E0623EC731B00B9010C /* Sources */ = {
			isa = PBXSourcesBuildPhase;
			buildActionMask = 2147483647;
			files = (
				0EAB9E0F23EC731B00B9010C /* Obis_Mad_LibTests.swift in Sources */,
			);
			runOnlyForDeploymentPostprocessing = 0;
		};
		0EAB9E1123EC731B00B9010C /* Sources */ = {
			isa = PBXSourcesBuildPhase;
			buildActionMask = 2147483647;
			files = (
				0EAB9E1A23EC731B00B9010C /* Obis_Mad_LibUITests.swift in Sources */,
			);
			runOnlyForDeploymentPostprocessing = 0;
		};
/* End PBXSourcesBuildPhase section */

/* Begin PBXTargetDependency section */
		0EAB9E0C23EC731B00B9010C /* PBXTargetDependency */ = {
			isa = PBXTargetDependency;
			target = 0EAB9DF323EC731500B9010C /* Obis Mad Lib */;
			targetProxy = 0EAB9E0B23EC731B00B9010C /* PBXContainerItemProxy */;
		};
		0EAB9E1723EC731B00B9010C /* PBXTargetDependency */ = {
			isa = PBXTargetDependency;
			target = 0EAB9DF323EC731500B9010C /* Obis Mad Lib */;
			targetProxy = 0EAB9E1623EC731B00B9010C /* PBXContainerItemProxy */;
		};
/* End PBXTargetDependency section */

/* Begin PBXVariantGroup section */
		0EAB9DFD23EC731500B9010C /* Main.storyboard */ = {
			isa = PBXVariantGroup;
			children = (
				0EAB9DFE23EC731500B9010C /* Base */,
			);
			name = Main.storyboard;
			sourceTree = "<group>";
		};
		0EAB9E0223EC731A00B9010C /* LaunchScreen.storyboard */ = {
			isa = PBXVariantGroup;
			children = (
				0EAB9E0323EC731A00B9010C /* Base */,
			);
			name = LaunchScreen.storyboard;
			sourceTree = "<group>";
		};
/* End PBXVariantGroup section */

/* Begin XCBuildConfiguration section */
		0EAB9E1C23EC731B00B9010C /* Debug */ = {
			isa = XCBuildConfiguration;
			buildSettings = {
				ALWAYS_SEARCH_USER_PATHS = NO;
				CLANG_ANALYZER_NONNULL = YES;
				CLANG_ANALYZER_NUMBER_OBJECT_CONVERSION = YES_AGGRESSIVE;
				CLANG_CXX_LANGUAGE_STANDARD = "gnu++14";
				CLANG_CXX_LIBRARY = "libc++";
				CLANG_ENABLE_MODULES = YES;
				CLANG_ENABLE_OBJC_ARC = YES;
				CLANG_ENABLE_OBJC_WEAK = YES;
				CLANG_WARN_BLOCK_CAPTURE_AUTORELEASING = YES;
				CLANG_WARN_BOOL_CONVERSION = YES;
				CLANG_WARN_COMMA = YES;
				CLANG_WARN_CONSTANT_CONVERSION = YES;
				CLANG_WARN_DEPRECATED_OBJC_IMPLEMENTATIONS = YES;
				CLANG_WARN_DIRECT_OBJC_ISA_USAGE = YES_ERROR;
				CLANG_WARN_DOCUMENTATION_COMMENTS = YES;
				CLANG_WARN_EMPTY_BODY = YES;
				CLANG_WARN_ENUM_CONVERSION = YES;
				CLANG_WARN_INFINITE_RECURSION = YES;
				CLANG_WARN_INT_CONVERSION = YES;
				CLANG_WARN_NON_LITERAL_NULL_CONVERSION = YES;
				CLANG_WARN_OBJC_IMPLICIT_RETAIN_SELF = YES;
				CLANG_WARN_OBJC_LITERAL_CONVERSION = YES;
				CLANG_WARN_OBJC_ROOT_CLASS = YES_ERROR;
				CLANG_WARN_RANGE_LOOP_ANALYSIS = YES;
				CLANG_WARN_STRICT_PROTOTYPES = YES;
				CLANG_WARN_SUSPICIOUS_MOVE = YES;
				CLANG_WARN_UNGUARDED_AVAILABILITY = YES_AGGRESSIVE;
				CLANG_WARN_UNREACHABLE_CODE = YES;
				CLANG_WARN__DUPLICATE_METHOD_MATCH = YES;
				COPY_PHASE_STRIP = NO;
				DEBUG_INFORMATION_FORMAT = dwarf;
				ENABLE_STRICT_OBJC_MSGSEND = YES;
				ENABLE_TESTABILITY = YES;
				GCC_C_LANGUAGE_STANDARD = gnu11;
				GCC_DYNAMIC_NO_PIC = NO;
				GCC_NO_COMMON_BLOCKS = YES;
				GCC_OPTIMIZATION_LEVEL = 0;
				GCC_PREPROCESSOR_DEFINITIONS = (
					"DEBUG=1",
					"$(inherited)",
				);
				GCC_WARN_64_TO_32_BIT_CONVERSION = YES;
				GCC_WARN_ABOUT_RETURN_TYPE = YES_ERROR;
				GCC_WARN_UNDECLARED_SELECTOR = YES;
				GCC_WARN_UNINITIALIZED_AUTOS = YES_AGGRESSIVE;
				GCC_WARN_UNUSED_FUNCTION = YES;
				GCC_WARN_UNUSED_VARIABLE = YES;
				IPHONEOS_DEPLOYMENT_TARGET = 13.2;
				MTL_ENABLE_DEBUG_INFO = INCLUDE_SOURCE;
				MTL_FAST_MATH = YES;
				ONLY_ACTIVE_ARCH = YES;
				SDKROOT = iphoneos;
				SWIFT_ACTIVE_COMPILATION_CONDITIONS = DEBUG;
				SWIFT_OPTIMIZATION_LEVEL = "-Onone";
			};
			name = Debug;
		};
		0EAB9E1D23EC731B00B9010C /* Release */ = {
			isa = XCBuildConfiguration;
			buildSettings = {
				ALWAYS_SEARCH_USER_PATHS = NO;
				CLANG_ANALYZER_NONNULL = YES;
				CLANG_ANALYZER_NUMBER_OBJECT_CONVERSION = YES_AGGRESSIVE;
				CLANG_CXX_LANGUAGE_STANDARD = "gnu++14";
				CLANG_CXX_LIBRARY = "libc++";
				CLANG_ENABLE_MODULES = YES;
				CLANG_ENABLE_OBJC_ARC = YES;
				CLANG_ENABLE_OBJC_WEAK = YES;
				CLANG_WARN_BLOCK_CAPTURE_AUTORELEASING = YES;
				CLANG_WARN_BOOL_CONVERSION = YES;
				CLANG_WARN_COMMA = YES;
				CLANG_WARN_CONSTANT_CONVERSION = YES;
				CLANG_WARN_DEPRECATED_OBJC_IMPLEMENTATIONS = YES;
				CLANG_WARN_DIRECT_OBJC_ISA_USAGE = YES_ERROR;
				CLANG_WARN_DOCUMENTATION_COMMENTS = YES;
				CLANG_WARN_EMPTY_BODY = YES;
				CLANG_WARN_ENUM_CONVERSION = YES;
				CLANG_WARN_INFINITE_RECURSION = YES;
				CLANG_WARN_INT_CONVERSION = YES;
				CLANG_WARN_NON_LITERAL_NULL_CONVERSION = YES;
				CLANG_WARN_OBJC_IMPLICIT_RETAIN_SELF = YES;
				CLANG_WARN_OBJC_LITERAL_CONVERSION = YES;
				CLANG_WARN_OBJC_ROOT_CLASS = YES_ERROR;
				CLANG_WARN_RANGE_LOOP_ANALYSIS = YES;
				CLANG_WARN_STRICT_PROTOTYPES = YES;
				CLANG_WARN_SUSPICIOUS_MOVE = YES;
				CLANG_WARN_UNGUARDED_AVAILABILITY = YES_AGGRESSIVE;
				CLANG_WARN_UNREACHABLE_CODE = YES;
				CLANG_WARN__DUPLICATE_METHOD_MATCH = YES;
				COPY_PHASE_STRIP = NO;
				DEBUG_INFORMATION_FORMAT = "dwarf-with-dsym";
				ENABLE_NS_ASSERTIONS = NO;
				ENABLE_STRICT_OBJC_MSGSEND = YES;
				GCC_C_LANGUAGE_STANDARD = gnu11;
				GCC_NO_COMMON_BLOCKS = YES;
				GCC_WARN_64_TO_32_BIT_CONVERSION = YES;
				GCC_WARN_ABOUT_RETURN_TYPE = YES_ERROR;
				GCC_WARN_UNDECLARED_SELECTOR = YES;
				GCC_WARN_UNINITIALIZED_AUTOS = YES_AGGRESSIVE;
				GCC_WARN_UNUSED_FUNCTION = YES;
				GCC_WARN_UNUSED_VARIABLE = YES;
				IPHONEOS_DEPLOYMENT_TARGET = 13.2;
				MTL_ENABLE_DEBUG_INFO = NO;
				MTL_FAST_MATH = YES;
				SDKROOT = iphoneos;
				SWIFT_COMPILATION_MODE = wholemodule;
				SWIFT_OPTIMIZATION_LEVEL = "-O";
				VALIDATE_PRODUCT = YES;
			};
			name = Release;
		};
		0EAB9E1F23EC731B00B9010C /* Debug */ = {
			isa = XCBuildConfiguration;
			buildSettings = {
				ASSETCATALOG_COMPILER_APPICON_NAME = AppIcon;
				CODE_SIGN_STYLE = Automatic;
				DEVELOPMENT_TEAM = 23RQHLD5WH;
				INFOPLIST_FILE = "Obis Mad Lib/Info.plist";
				LD_RUNPATH_SEARCH_PATHS = (
					"$(inherited)",
					"@executable_path/Frameworks",
				);
				PRODUCT_BUNDLE_IDENTIFIER = "Obi.Obis-Mad-Lib";
				PRODUCT_NAME = "$(TARGET_NAME)";
				SWIFT_VERSION = 5.0;
				TARGETED_DEVICE_FAMILY = "1,2";
			};
			name = Debug;
		};
		0EAB9E2023EC731B00B9010C /* Release */ = {
			isa = XCBuildConfiguration;
			buildSettings = {
				ASSETCATALOG_COMPILER_APPICON_NAME = AppIcon;
				CODE_SIGN_STYLE = Automatic;
				DEVELOPMENT_TEAM = 23RQHLD5WH;
				INFOPLIST_FILE = "Obis Mad Lib/Info.plist";
				LD_RUNPATH_SEARCH_PATHS = (
					"$(inherited)",
					"@executable_path/Frameworks",
				);
				PRODUCT_BUNDLE_IDENTIFIER = "Obi.Obis-Mad-Lib";
				PRODUCT_NAME = "$(TARGET_NAME)";
				SWIFT_VERSION = 5.0;
				TARGETED_DEVICE_FAMILY = "1,2";
			};
			name = Release;
		};
		0EAB9E2223EC731B00B9010C /* Debug */ = {
			isa = XCBuildConfiguration;
			buildSettings = {
				ALWAYS_EMBED_SWIFT_STANDARD_LIBRARIES = YES;
				BUNDLE_LOADER = "$(TEST_HOST)";
				CODE_SIGN_STYLE = Automatic;
				DEVELOPMENT_TEAM = 23RQHLD5WH;
				INFOPLIST_FILE = "Obis Mad LibTests/Info.plist";
				IPHONEOS_DEPLOYMENT_TARGET = 13.2;
				LD_RUNPATH_SEARCH_PATHS = (
					"$(inherited)",
					"@executable_path/Frameworks",
					"@loader_path/Frameworks",
				);
				PRODUCT_BUNDLE_IDENTIFIER = "Obi.Obis-Mad-LibTests";
				PRODUCT_NAME = "$(TARGET_NAME)";
				SWIFT_VERSION = 5.0;
				TARGETED_DEVICE_FAMILY = "1,2";
				TEST_HOST = "$(BUILT_PRODUCTS_DIR)/Obis Mad Lib.app/Obis Mad Lib";
			};
			name = Debug;
		};
		0EAB9E2323EC731B00B9010C /* Release */ = {
			isa = XCBuildConfiguration;
			buildSettings = {
				ALWAYS_EMBED_SWIFT_STANDARD_LIBRARIES = YES;
				BUNDLE_LOADER = "$(TEST_HOST)";
				CODE_SIGN_STYLE = Automatic;
				DEVELOPMENT_TEAM = 23RQHLD5WH;
				INFOPLIST_FILE = "Obis Mad LibTests/Info.plist";
				IPHONEOS_DEPLOYMENT_TARGET = 13.2;
				LD_RUNPATH_SEARCH_PATHS = (
					"$(inherited)",
					"@executable_path/Frameworks",
					"@loader_path/Frameworks",
				);
				PRODUCT_BUNDLE_IDENTIFIER = "Obi.Obis-Mad-LibTests";
				PRODUCT_NAME = "$(TARGET_NAME)";
				SWIFT_VERSION = 5.0;
				TARGETED_DEVICE_FAMILY = "1,2";
				TEST_HOST = "$(BUILT_PRODUCTS_DIR)/Obis Mad Lib.app/Obis Mad Lib";
			};
			name = Release;
		};
		0EAB9E2523EC731B00B9010C /* Debug */ = {
			isa = XCBuildConfiguration;
			buildSettings = {
				ALWAYS_EMBED_SWIFT_STANDARD_LIBRARIES = YES;
				CODE_SIGN_STYLE = Automatic;
				DEVELOPMENT_TEAM = 23RQHLD5WH;
				INFOPLIST_FILE = "Obis Mad LibUITests/Info.plist";
				LD_RUNPATH_SEARCH_PATHS = (
					"$(inherited)",
					"@executable_path/Frameworks",
					"@loader_path/Frameworks",
				);
				PRODUCT_BUNDLE_IDENTIFIER = "Obi.Obis-Mad-LibUITests";
				PRODUCT_NAME = "$(TARGET_NAME)";
				SWIFT_VERSION = 5.0;
				TARGETED_DEVICE_FAMILY = "1,2";
				TEST_TARGET_NAME = "Obis Mad Lib";
			};
			name = Debug;
		};
		0EAB9E2623EC731B00B9010C /* Release */ = {
			isa = XCBuildConfiguration;
			buildSettings = {
				ALWAYS_EMBED_SWIFT_STANDARD_LIBRARIES = YES;
				CODE_SIGN_STYLE = Automatic;
				DEVELOPMENT_TEAM = 23RQHLD5WH;
				INFOPLIST_FILE = "Obis Mad LibUITests/Info.plist";
				LD_RUNPATH_SEARCH_PATHS = (
					"$(inherited)",
					"@executable_path/Frameworks",
					"@loader_path/Frameworks",
				);
				PRODUCT_BUNDLE_IDENTIFIER = "Obi.Obis-Mad-LibUITests";
				PRODUCT_NAME = "$(TARGET_NAME)";
				SWIFT_VERSION = 5.0;
				TARGETED_DEVICE_FAMILY = "1,2";
				TEST_TARGET_NAME = "Obis Mad Lib";
			};
			name = Release;
		};
/* End XCBuildConfiguration section */

/* Begin XCConfigurationList section */
		0EAB9DEF23EC731500B9010C /* Build configuration list for PBXProject "Obis Mad Lib" */ = {
			isa = XCConfigurationList;
			buildConfigurations = (
				0EAB9E1C23EC731B00B9010C /* Debug */,
				0EAB9E1D23EC731B00B9010C /* Release */,
			);
			defaultConfigurationIsVisible = 0;
			defaultConfigurationName = Release;
		};
		0EAB9E1E23EC731B00B9010C /* Build configuration list for PBXNativeTarget "Obis Mad Lib" */ = {
			isa = XCConfigurationList;
			buildConfigurations = (
				0EAB9E1F23EC731B00B9010C /* Debug */,
				0EAB9E2023EC731B00B9010C /* Release */,
			);
			defaultConfigurationIsVisible = 0;
			defaultConfigurationName = Release;
		};
		0EAB9E2123EC731B00B9010C /* Build configuration list for PBXNativeTarget "Obis Mad LibTests" */ = {
			isa = XCConfigurationList;
			buildConfigurations = (
				0EAB9E2223EC731B00B9010C /* Debug */,
				0EAB9E2323EC731B00B9010C /* Release */,
			);
			defaultConfigurationIsVisible = 0;
			defaultConfigurationName = Release;
		};
		0EAB9E2423EC731B00B9010C /* Build configuration list for PBXNativeTarget "Obis Mad LibUITests" */ = {
			isa = XCConfigurationList;
			buildConfigurations = (
				0EAB9E2523EC731B00B9010C /* Debug */,
				0EAB9E2623EC731B00B9010C /* Release */,
			);
			defaultConfigurationIsVisible = 0;
			defaultConfigurationName = Release;
		};
/* End XCConfigurationList section */
	};
	rootObject = 0EAB9DEC23EC731500B9010C /* Project object */;
}
